
Microsoft Visual Studio Solution File, Format Version 12.00
# Visual Studio Version 16
VisualStudioVersion = 16.0.30104.148
MinimumVisualStudioVersion = 10.0.40219.1
Project("{FAE04EC0-301F-11D3-BF4B-00C04F79EFBC}") = "ClipboardSetter.WindowsForms", "ClipboardSetter.WindowsForms\ClipboardSetter.WindowsForms.csproj", "{46748B38-91A7-4DC6-A3E6-3ADD4FD2E78E}"
EndProject
Global
	GlobalSection(SolutionConfigurationPlatforms) = preSolution
		Debug|Any CPU = Debug|Any CPU
		Release|Any CPU = Release|Any CPU
	EndGlobalSection
	GlobalSection(ProjectConfigurationPlatforms) = postSolution
		{46748B38-91A7-4DC6-A3E6-3ADD4FD2E78E}.Debug|Any CPU.ActiveCfg = Debug|Any CPU
		{46748B38-91A7-4DC6-A3E6-3ADD4FD2E78E}.Debug|Any CPU.Build.0 = Debug|Any CPU
		{46748B38-91A7-4DC6-A3E6-3ADD4FD2E78E}.Release|Any CPU.ActiveCfg = Release|Any CPU
		{46748B38-91A7-4DC6-A3E6-3ADD4FD2E78E}.Release|Any CPU.Build.0 = Release|Any CPU
	EndGlobalSection
	GlobalSection(SolutionProperties) = preSolution
		HideSolutionNode = FALSE
	EndGlobalSection
	GlobalSection(ExtensibilityGlobals) = postSolution
		SolutionGuid = {76E40CF6-096D-4F83-9E4C-8E4D1527109B}
	EndGlobalSection
EndGlobal
